
Microsoft Visual Studio Solution File, Format Version 12.00
# Visual Studio Version 17
VisualStudioVersion = 17.2.32630.192
MinimumVisualStudioVersion = 10.0.40219.1
Project("{FAE04EC0-301F-11D3-BF4B-00C04F79EFBC}") = "ProjetoCalculadora", "ProjetoCalculadora\ProjetoCalculadora.csproj", "{776C86B9-822D-49CA-810C-9362532BC8E1}"
EndProject
Global
	GlobalSection(SolutionConfigurationPlatforms) = preSolution
		Debug|Any CPU = Debug|Any CPU
		Release|Any CPU = Release|Any CPU
	EndGlobalSection
	GlobalSection(ProjectConfigurationPlatforms) = postSolution
		{776C86B9-822D-49CA-810C-9362532BC8E1}.Debug|Any CPU.ActiveCfg = Debug|Any CPU
		{776C86B9-822D-49CA-810C-9362532BC8E1}.Debug|Any CPU.Build.0 = Debug|Any CPU
		{776C86B9-822D-49CA-810C-9362532BC8E1}.Release|Any CPU.ActiveCfg = Release|Any CPU
		{776C86B9-822D-49CA-810C-9362532BC8E1}.Release|Any CPU.Build.0 = Release|Any CPU
	EndGlobalSection
	GlobalSection(SolutionProperties) = preSolution
		HideSolutionNode = FALSE
	EndGlobalSection
	GlobalSection(ExtensibilityGlobals) = postSolution
		SolutionGuid = {CE6D3D98-E918-48CE-8677-9DD4CE814C2B}
	EndGlobalSection
EndGlobal
